
Microsoft Visual Studio Solution File, Format Version 12.00
# Visual Studio Version 17
VisualStudioVersion = 17.6.33712.159
MinimumVisualStudioVersion = 10.0.40219.1
Project("{FAE04EC0-301F-11D3-BF4B-00C04F79EFBC}") = "CollectionLibraryUse-AddressBookProblem", "CollectionLibraryUse-AddressBookProblem.csproj", "{E095B882-0B75-42C7-A38F-C2E0D15838CD}"
EndProject
Global
	GlobalSection(SolutionConfigurationPlatforms) = preSolution
		Debug|Any CPU = Debug|Any CPU
		Release|Any CPU = Release|Any CPU
	EndGlobalSection
	GlobalSection(ProjectConfigurationPlatforms) = postSolution
		{E095B882-0B75-42C7-A38F-C2E0D15838CD}.Debug|Any CPU.ActiveCfg = Debug|Any CPU
		{E095B882-0B75-42C7-A38F-C2E0D15838CD}.Debug|Any CPU.Build.0 = Debug|Any CPU
		{E095B882-0B75-42C7-A38F-C2E0D15838CD}.Release|Any CPU.ActiveCfg = Release|Any CPU
		{E095B882-0B75-42C7-A38F-C2E0D15838CD}.Release|Any CPU.Build.0 = Release|Any CPU
	EndGlobalSection
	GlobalSection(SolutionProperties) = preSolution
		HideSolutionNode = FALSE
	EndGlobalSection
	GlobalSection(ExtensibilityGlobals) = postSolution
		SolutionGuid = {CE114828-1E3F-4B56-8CB5-11A9566EEE48}
	EndGlobalSection
EndGlobal
